ekyu.moe/leb128 v0.0.0-20190626180622-d3722dc409a8 h1:zWcNapXDoFEobgJquW8jOgnVClkRLV9StPmi+LhtTGQ=
ekyu.moe/leb128 v0.0.0-20190626180622-d3722dc409a8/go.mod h1:hphPjsG3qJdFKRttMyBWptntD0vAUE3NUenOGL0914A=
github.com/akamensky/base58 v0.0.0-20170920141933-92b0f56f531a h1:ndZwlx4H28xTc2WeU9tsGyv+y8xBp2HH31x0xi41c7M=
github.com/akamensky/base58 v0.0.0-20170920141933-92b0f56f531a/go.mod h1:dl0ldiQPIl8Io2dgdNbAtqeuq0Os0SxIGCn8IVGH3zo=
github.com/davecgh/go-spew v1.1.0/go.mod h1:J7Y8YcW2NihsgmVo/mv3lAwl/skON4iLHjSsI+c5H38=
github.com/jessevdk/go-flags v1.4.0/go.mod h1:4FA24M0QyGHXBuZZK/XkWh8h0e1EYbRYJSGM75WSRxI=
github.com/pmezard/go-difflib v1.0.0/go.mod h1:iKH77koFhYxTK1pcRnkKkqfTogsbg7gZNVY4sRDYZ/4=
github.com/stretchr/objx v0.1.0/go.mod h1:HFkY916IF+rwdDfMAkV7OtwuqBVzrE8GR6GFx+wExME=
github.com/stretchr/testify v1.3.0/go.mod h1:M5WIy9Dh21IEIfnGCwXGc5bZfKNJtfHm1UVUgZn+9EI=
